<?xml version="1.0" encoding="utf-8"?>
<Project ToolsVersion="4.0" xmlns="http://schemas.microsoft.com/developer/msbuild/2003">
  <ItemGroup>
    <Filter Include="Source Files">
      <UniqueIdentifier>{4FC737F1-C7A5-4376-A066-2A32D752A2FF}</UniqueIdentifier>
      <Extensions>cpp;c;cc;cxx;c++;cppm;ixx;def;odl;idl;hpj;bat;asm;asmx</Extensions>
    </Filter>
    <Filter Include="Header Files">
      <UniqueIdentifier>{93995380-89BD-4b04-88EB-625FBE52EBFB}</UniqueIdentifier>
      <Extensions>h;hh;hpp;hxx;h++;hm;inl;inc;ipp;xsd</Extensions>
    </Filter>
    <Filter Include="Resource Files">
      <UniqueIdentifier>{67DA6AB6-F800-4c08-8B7A-83BB121AAD01}</UniqueIdentifier>
      <Extensions>rc;ico;cur;bmp;dlg;rc2;rct;bin;rgs;gif;jpg;jpeg;jpe;resx;tiff;tif;png;wav;mfcribbon-ms</Extensions>
    </Filter>
    <Filter Include="Source Files\Public">
      <UniqueIdentifier>{6e9259a5-2fdd-4699-b869-cad44f7a8c05}</UniqueIdentifier>
    </Filter>
    <Filter Include="Source Files\Private">
      <UniqueIdentifier>{ba4a963a-b483-47f2-949e-a9142ff88904}</UniqueIdentifier>
    </Filter>
  </ItemGroup>
  <ItemGroup>
    <ClCompile Include="..\Source\glad.c">
      <Filter>Source Files</Filter>
    </ClCompile>
    <ClCompile Include="..\Source\Private\Window.cpp">
      <Filter>Source Files\Private</Filter>
    </ClCompile>
    <ClCompile Include="..\Source\Private\Texture.cpp">
      <Filter>Source Files\Private</Filter>
    </ClCompile>
    <ClCompile Include="..\Source\Private\Shader.cpp">
      <Filter>Source Files\Private</Filter>
    </ClCompile>
    <ClCompile Include="..\Source\Private\TransformHelper.cpp">
      <Filter>Source Files\Private</Filter>
    </ClCompile>
    <ClCompile Include="..\Source\Private\SubMesh.cpp">
      <Filter>Source Files\Private</Filter>
    </ClCompile>
    <ClCompile Include="..\Source\Private\Material.cpp">
      <Filter>Source Files\Private</Filter>
    </ClCompile>
    <ClCompile Include="..\Source\Private\Mesh.cpp">
      <Filter>Source Files\Private</Filter>
    </ClCompile>
    <ClCompile Include="..\Source\Private\Renderer.cpp">
      <Filter>Source Files\Private</Filter>
    </ClCompile>
    <ClCompile Include="..\Source\Private\DebugGrid.cpp">
      <Filter>Source Files\Private</Filter>
    </ClCompile>
  </ItemGroup>
  <ItemGroup>
    <ClInclude Include="..\Source\Public\Window.h">
      <Filter>Source Files\Public</Filter>
    </ClInclude>
    <ClInclude Include="..\Source\Public\Shader.h">
      <Filter>Source Files\Public</Filter>
    </ClInclude>
    <ClInclude Include="..\Source\Public\Texture.h">
      <Filter>Source Files\Public</Filter>
    </ClInclude>
    <ClInclude Include="..\Source\Public\TransformHelper.h">
      <Filter>Source Files\Public</Filter>
    </ClInclude>
    <ClInclude Include="..\Source\Public\SubMesh.h">
      <Filter>Source Files\Public</Filter>
    </ClInclude>
    <ClInclude Include="..\Source\Public\Mesh.h">
      <Filter>Source Files\Public</Filter>
    </ClInclude>
    <ClInclude Include="..\Source\Public\Material.h">
      <Filter>Source Files\Public</Filter>
    </ClInclude>
    <ClInclude Include="..\Source\Public\Renderer.h">
      <Filter>Source Files\Public</Filter>
    </ClInclude>
    <ClInclude Include="..\Source\Public\DebugGrid.h">
      <Filter>Source Files\Public</Filter>
    </ClInclude>
  </ItemGroup>
  <ItemGroup>
    <None Include="..\..\Bin\Shaders\vsh.glsl" />
    <None Include="..\..\Bin\Shaders\fsh.glsl" />
    <None Include="..\..\Bin\Shaders\gridFSH.glsl" />
  </ItemGroup>
</Project>